
Microsoft Visual Studio Solution File, Format Version 12.00
# Visual Studio 15
Project("{FAE04EC0-301F-11D3-BF4B-00C04F79EFBC}") = "Assembly-CSharp", "Assembly-CSharp.csproj", "{8C09B1E3-D270-1A40-42D9-A99DE46CCCAB}"
EndProject
Project("{FAE04EC0-301F-11D3-BF4B-00C04F79EFBC}") = "Assembly-CSharp-Editor", "Assembly-CSharp-Editor.csproj", "{098A077D-EAAE-6B37-B97B-17EC0460A6ED}"
EndProject
Global
	GlobalSection(SolutionConfigurationPlatforms) = preSolution
		Debug|Any CPU = Debug|Any CPU
		Release|Any CPU = Release|Any CPU
	EndGlobalSection
	GlobalSection(ProjectConfigurationPlatforms) = postSolution
		{8C09B1E3-D270-1A40-42D9-A99DE46CCCAB}.Debug|Any CPU.ActiveCfg = Debug|Any CPU
		{8C09B1E3-D270-1A40-42D9-A99DE46CCCAB}.Debug|Any CPU.Build.0 = Debug|Any CPU
		{8C09B1E3-D270-1A40-42D9-A99DE46CCCAB}.Release|Any CPU.ActiveCfg = Release|Any CPU
		{8C09B1E3-D270-1A40-42D9-A99DE46CCCAB}.Release|Any CPU.Build.0 = Release|Any CPU
		{098A077D-EAAE-6B37-B97B-17EC0460A6ED}.Debug|Any CPU.ActiveCfg = Debug|Any CPU
		{098A077D-EAAE-6B37-B97B-17EC0460A6ED}.Debug|Any CPU.Build.0 = Debug|Any CPU
		{098A077D-EAAE-6B37-B97B-17EC0460A6ED}.Release|Any CPU.ActiveCfg = Release|Any CPU
		{098A077D-EAAE-6B37-B97B-17EC0460A6ED}.Release|Any CPU.Build.0 = Release|Any CPU
	EndGlobalSection
	GlobalSection(SolutionProperties) = preSolution
		HideSolutionNode = FALSE
	EndGlobalSection
EndGlobal
